
Microsoft Visual Studio Solution File, Format Version 12.00
# Visual Studio Version 16
VisualStudioVersion = 16.0.31005.135
MinimumVisualStudioVersion = 10.0.40219.1
Project("{FAE04EC0-301F-11D3-BF4B-00C04F79EFBC}") = "COVID-19 Tracker", "COVID-19 Tracker.csproj", "{57F240A8-7174-432D-9F20-B4079BF4F94C}"
EndProject
Global
	GlobalSection(SolutionConfigurationPlatforms) = preSolution
		Debug|Any CPU = Debug|Any CPU
		Release|Any CPU = Release|Any CPU
	EndGlobalSection
	GlobalSection(ProjectConfigurationPlatforms) = postSolution
		{57F240A8-7174-432D-9F20-B4079BF4F94C}.Debug|Any CPU.ActiveCfg = Debug|Any CPU
		{57F240A8-7174-432D-9F20-B4079BF4F94C}.Debug|Any CPU.Build.0 = Debug|Any CPU
		{57F240A8-7174-432D-9F20-B4079BF4F94C}.Release|Any CPU.ActiveCfg = Release|Any CPU
		{57F240A8-7174-432D-9F20-B4079BF4F94C}.Release|Any CPU.Build.0 = Release|Any CPU
	EndGlobalSection
	GlobalSection(SolutionProperties) = preSolution
		HideSolutionNode = FALSE
	EndGlobalSection
	GlobalSection(ExtensibilityGlobals) = postSolution
		SolutionGuid = {EB8D00D3-EE93-4DAC-90ED-4AEB9F8F04FB}
	EndGlobalSection
EndGlobal
